
Microsoft Visual Studio Solution File, Format Version 12.00
# Visual Studio 2012
Project("{FAE04EC0-301F-11D3-BF4B-00C04F79EFBC}") = "PomoBoost", "PomoBoost\PomoBoost.csproj", "{276EB259-03EA-4B6C-808B-BF6900FD1E4E}"
EndProject
Project("{2150E333-8FDC-42A3-9474-1A3956D46DE8}") = ".nuget", ".nuget", "{E80F17CD-F464-4F7E-918B-449119536D52}"
	ProjectSection(SolutionItems) = preProject
		.nuget\NuGet.Config = .nuget\NuGet.Config
		.nuget\NuGet.exe = .nuget\NuGet.exe
		.nuget\NuGet.targets = .nuget\NuGet.targets
	EndProjectSection
EndProject
Global
	GlobalSection(SolutionConfigurationPlatforms) = preSolution
		CodeAnalysisDebug|Any CPU = CodeAnalysisDebug|Any CPU
		CodeAnalysisDebug|Mixed Platforms = CodeAnalysisDebug|Mixed Platforms
		CodeAnalysisDebug|Win32 = CodeAnalysisDebug|Win32
		Debug|Any CPU = Debug|Any CPU
		Debug|Mixed Platforms = Debug|Mixed Platforms
		Debug|Win32 = Debug|Win32
		Release|Any CPU = Release|Any CPU
		Release|Mixed Platforms = Release|Mixed Platforms
		Release|Win32 = Release|Win32
	EndGlobalSection
	GlobalSection(ProjectConfigurationPlatforms) = postSolution
		{276EB259-03EA-4B6C-808B-BF6900FD1E4E}.CodeAnalysisDebug|Any CPU.ActiveCfg = Debug|Any CPU
		{276EB259-03EA-4B6C-808B-BF6900FD1E4E}.CodeAnalysisDebug|Any CPU.Build.0 = Debug|Any CPU
		{276EB259-03EA-4B6C-808B-BF6900FD1E4E}.CodeAnalysisDebug|Mixed Platforms.ActiveCfg = Debug|Any CPU
		{276EB259-03EA-4B6C-808B-BF6900FD1E4E}.CodeAnalysisDebug|Mixed Platforms.Build.0 = Debug|Any CPU
		{276EB259-03EA-4B6C-808B-BF6900FD1E4E}.CodeAnalysisDebug|Win32.ActiveCfg = Debug|Any CPU
		{276EB259-03EA-4B6C-808B-BF6900FD1E4E}.Debug|Any CPU.ActiveCfg = Debug|Any CPU
		{276EB259-03EA-4B6C-808B-BF6900FD1E4E}.Debug|Any CPU.Build.0 = Debug|Any CPU
		{276EB259-03EA-4B6C-808B-BF6900FD1E4E}.Debug|Mixed Platforms.ActiveCfg = Debug|Any CPU
		{276EB259-03EA-4B6C-808B-BF6900FD1E4E}.Debug|Mixed Platforms.Build.0 = Debug|Any CPU
		{276EB259-03EA-4B6C-808B-BF6900FD1E4E}.Debug|Win32.ActiveCfg = Debug|Any CPU
		{276EB259-03EA-4B6C-808B-BF6900FD1E4E}.Release|Any CPU.ActiveCfg = Release|Any CPU
		{276EB259-03EA-4B6C-808B-BF6900FD1E4E}.Release|Any CPU.Build.0 = Release|Any CPU
		{276EB259-03EA-4B6C-808B-BF6900FD1E4E}.Release|Mixed Platforms.ActiveCfg = Release|Any CPU
		{276EB259-03EA-4B6C-808B-BF6900FD1E4E}.Release|Mixed Platforms.Build.0 = Release|Any CPU
		{276EB259-03EA-4B6C-808B-BF6900FD1E4E}.Release|Win32.ActiveCfg = Release|Any CPU
	EndGlobalSection
	GlobalSection(SolutionProperties) = preSolution
		HideSolutionNode = FALSE
	EndGlobalSection
EndGlobal
